
Microsoft Visual Studio Solution File, Format Version 12.00
# Visual Studio Version 17
VisualStudioVersion = 17.9.34728.123
MinimumVisualStudioVersion = 10.0.40219.1
Project("{9A19103F-16F7-4668-BE54-9A1E7A4F7556}") = "Jyuno", "Jyuno.csproj", "{880EC355-F337-4027-AF0D-955614B36875}"
EndProject
Project("{FAE04EC0-301F-11D3-BF4B-00C04F79EFBC}") = "JyunoPrompt", "..\JyunoPrompt\JyunoPrompt.csproj", "{F95D2652-43C6-41EA-AED2-942786C80201}"
EndProject
Global
	GlobalSection(SolutionConfigurationPlatforms) = preSolution
		Debug|Any CPU = Debug|Any CPU
		Release|Any CPU = Release|Any CPU
	EndGlobalSection
	GlobalSection(ProjectConfigurationPlatforms) = postSolution
		{880EC355-F337-4027-AF0D-955614B36875}.Debug|Any CPU.ActiveCfg = Debug|Any CPU
		{880EC355-F337-4027-AF0D-955614B36875}.Debug|Any CPU.Build.0 = Debug|Any CPU
		{880EC355-F337-4027-AF0D-955614B36875}.Release|Any CPU.ActiveCfg = Release|Any CPU
		{880EC355-F337-4027-AF0D-955614B36875}.Release|Any CPU.Build.0 = Release|Any CPU
		{F95D2652-43C6-41EA-AED2-942786C80201}.Debug|Any CPU.ActiveCfg = Debug|Any CPU
		{F95D2652-43C6-41EA-AED2-942786C80201}.Debug|Any CPU.Build.0 = Debug|Any CPU
		{F95D2652-43C6-41EA-AED2-942786C80201}.Release|Any CPU.ActiveCfg = Release|Any CPU
		{F95D2652-43C6-41EA-AED2-942786C80201}.Release|Any CPU.Build.0 = Release|Any CPU
	EndGlobalSection
	GlobalSection(SolutionProperties) = preSolution
		HideSolutionNode = FALSE
	EndGlobalSection
	GlobalSection(ExtensibilityGlobals) = postSolution
		SolutionGuid = {1482406F-932B-46EF-9872-B233759BFA82}
	EndGlobalSection
EndGlobal
